
Microsoft Visual Studio Solution File, Format Version 12.00
# Visual Studio Version 17
VisualStudioVersion = 17.7.34221.43
MinimumVisualStudioVersion = 10.0.40219.1
Project("{9A19103F-16F7-4668-BE54-9A1E7A4F7556}") = "GameServer", "GameServer\GameServer.csproj", "{AAD164D6-5741-4D9F-87DA-AD69861EE14C}"
	ProjectSection(ProjectDependencies) = postProject
		{13ECBB27-DCD5-4118-A9A9-58E34FDEA9D3} = {13ECBB27-DCD5-4118-A9A9-58E34FDEA9D3}
	EndProjectSection
EndProject
Project("{2150E333-8FDC-42A3-9474-1A3956D46DE8}") = "Tool", "Tool", "{FBDA368B-9B5F-446F-859F-363BFBD5971B}"
EndProject
Project("{9A19103F-16F7-4668-BE54-9A1E7A4F7556}") = "ProtocolTool", "ProtocolTool\ProtocolTool.csproj", "{EB55AEAC-8FE6-4651-B0A8-93CC58DB909B}"
	ProjectSection(ProjectDependencies) = postProject
		{13ECBB27-DCD5-4118-A9A9-58E34FDEA9D3} = {13ECBB27-DCD5-4118-A9A9-58E34FDEA9D3}
	EndProjectSection
EndProject
Project("{9A19103F-16F7-4668-BE54-9A1E7A4F7556}") = "Common", "Common\Common.csproj", "{13ECBB27-DCD5-4118-A9A9-58E34FDEA9D3}"
EndProject
Global
	GlobalSection(SolutionConfigurationPlatforms) = preSolution
		Debug|Any CPU = Debug|Any CPU
		Release|Any CPU = Release|Any CPU
	EndGlobalSection
	GlobalSection(ProjectConfigurationPlatforms) = postSolution
		{AAD164D6-5741-4D9F-87DA-AD69861EE14C}.Debug|Any CPU.ActiveCfg = Debug|Any CPU
		{AAD164D6-5741-4D9F-87DA-AD69861EE14C}.Debug|Any CPU.Build.0 = Debug|Any CPU
		{AAD164D6-5741-4D9F-87DA-AD69861EE14C}.Release|Any CPU.ActiveCfg = Release|Any CPU
		{AAD164D6-5741-4D9F-87DA-AD69861EE14C}.Release|Any CPU.Build.0 = Release|Any CPU
		{EB55AEAC-8FE6-4651-B0A8-93CC58DB909B}.Debug|Any CPU.ActiveCfg = Debug|Any CPU
		{EB55AEAC-8FE6-4651-B0A8-93CC58DB909B}.Debug|Any CPU.Build.0 = Debug|Any CPU
		{EB55AEAC-8FE6-4651-B0A8-93CC58DB909B}.Release|Any CPU.ActiveCfg = Release|Any CPU
		{EB55AEAC-8FE6-4651-B0A8-93CC58DB909B}.Release|Any CPU.Build.0 = Release|Any CPU
		{13ECBB27-DCD5-4118-A9A9-58E34FDEA9D3}.Debug|Any CPU.ActiveCfg = Debug|Any CPU
		{13ECBB27-DCD5-4118-A9A9-58E34FDEA9D3}.Debug|Any CPU.Build.0 = Debug|Any CPU
		{13ECBB27-DCD5-4118-A9A9-58E34FDEA9D3}.Release|Any CPU.ActiveCfg = Release|Any CPU
		{13ECBB27-DCD5-4118-A9A9-58E34FDEA9D3}.Release|Any CPU.Build.0 = Release|Any CPU
	EndGlobalSection
	GlobalSection(SolutionProperties) = preSolution
		HideSolutionNode = FALSE
	EndGlobalSection
	GlobalSection(NestedProjects) = preSolution
		{EB55AEAC-8FE6-4651-B0A8-93CC58DB909B} = {FBDA368B-9B5F-446F-859F-363BFBD5971B}
	EndGlobalSection
	GlobalSection(ExtensibilityGlobals) = postSolution
		SolutionGuid = {77C77C37-83C1-458E-B1AB-02C8D3F95FF9}
	EndGlobalSection
EndGlobal
